{
  "name": "how-to-learn",
  "version": "1.0.0",
  "lockfileVersion": 2,
  "requires": true,
  "packages": {
    "": {
      "name": "how-to-learn",
      "version": "1.0.0",
      "license": "ISC",
      "devDependencies": {
        "css-to-bem-file-structure": "^0.0.2"
      }
    },
    "node_modules/@bem/cell": {
      "version": "0.2.6",
      "resolved": "https://registry.npmjs.org/@bem/cell/-/cell-0.2.6.tgz",
      "integrity": "sha512-/V45wnK7ak1+gT80cKi4FimJmbFq2FNt5z/tGQ4vOVttbZbzTDxcw2iQ31mMLQ+iQACNprBOaNKAW/XOHgjeXg==",
      "dev": true,
      "dependencies": {
        "@bem/entity-name": "1.4.0",
        "depd": "1.1.0"
      },
      "engines": {
        "node": ">= 4.0"
      }
    },
    "node_modules/@bem/cell/node_modules/@bem/entity-name": {
      "version": "1.4.0",
      "resolved": "https://registry.npmjs.org/@bem/entity-name/-/entity-name-1.4.0.tgz",
      "integrity": "sha512-+/Cz6PBEaFADTEvdDq8XOiEGGHD2qXe/Dh7wElSHo5FJT+linGHehsuJX30HciQ7v1VqF/am4Ist3TQq+/S0Dw==",
      "dev": true,
      "dependencies": {
        "@bem/naming": "2.0.0-5"
      },
      "engines": {
        "node": ">= 4.0"
      }
    },
    "node_modules/@bem/cell/node_modules/@bem/naming": {
      "version": "2.0.0-5",
      "resolved": "https://registry.npmjs.org/@bem/naming/-/naming-2.0.0-5.tgz",
      "integrity": "sha512-/JI0TiyrT4gqvA1PcZbwPkCvubr92BquRcRPypMxQ2ik3cmd9dSICfT3bi2Th27HYUnS2E2iBNtjyTnXgfbbmg==",
      "dev": true,
      "dependencies": {
        "@bem/entity-name": "1.3.1"
      },
      "engines": {
        "node": ">= 4.0"
      }
    },
    "node_modules/@bem/cell/node_modules/@bem/naming/node_modules/@bem/entity-name": {
      "version": "1.3.1",
      "resolved": "https://registry.npmjs.org/@bem/entity-name/-/entity-name-1.3.1.tgz",
      "integrity": "sha512-lqmFQLZVzAxlt42Y6A4wTJVzbk2ZtONFN1d9kQifUXSuWPX/hXLVvAMOoIjKHUmLXEu8j29ju31V6Hb5iJE9cA==",
      "dev": true,
      "dependencies": {
        "bem-naming": "1.0.1"
      },
      "engines": {
        "node": ">= 4.0"
      }
    },
    "node_modules/@bem/entity-name": {
      "version": "1.5.0",
      "resolved": "https://registry.npmjs.org/@bem/entity-name/-/entity-name-1.5.0.tgz",
      "integrity": "sha512-lrb1OcVLaojhupj72k1skRy5KamTIjJLy4VSh+I05C9vz20hdotSpHdzNNjRIaDJgbAtBSn6duG6dKtiOSQdxw==",
      "dev": true,
      "dependencies": {
        "@bem/naming": "2.0.0-5",
        "depd": "1.1.0",
        "es6-error": "4.0.2"
      },
      "engines": {
        "node": ">= 4.0"
      }
    },
    "node_modules/@bem/entity-name/node_modules/@bem/entity-name": {
      "version": "1.3.1",
      "resolved": "https://registry.npmjs.org/@bem/entity-name/-/entity-name-1.3.1.tgz",
      "integrity": "sha512-lqmFQLZVzAxlt42Y6A4wTJVzbk2ZtONFN1d9kQifUXSuWPX/hXLVvAMOoIjKHUmLXEu8j29ju31V6Hb5iJE9cA==",
      "dev": true,
      "dependencies": {
        "bem-naming": "1.0.1"
      },
      "engines": {
        "node": ">= 4.0"
      }
    },
    "node_modules/@bem/entity-name/node_modules/@bem/naming": {
      "version": "2.0.0-5",
      "resolved": "https://registry.npmjs.org/@bem/naming/-/naming-2.0.0-5.tgz",
      "integrity": "sha512-/JI0TiyrT4gqvA1PcZbwPkCvubr92BquRcRPypMxQ2ik3cmd9dSICfT3bi2Th27HYUnS2E2iBNtjyTnXgfbbmg==",
      "dev": true,
      "dependencies": {
        "@bem/entity-name": "1.3.1"
      },
      "engines": {
        "node": ">= 4.0"
      }
    },
    "node_modules/@bem/fs-scheme": {
      "version": "2.2.0",
      "resolved": "https://registry.npmjs.org/@bem/fs-scheme/-/fs-scheme-2.2.0.tgz",
      "integrity": "sha512-51u7dfzP0VPWOQc2SegcJZlvGWMDrFg1KsjaFd8xlDI2cudZKLgppY5eHA06XaZnknYM0unaFF3LQ3Uwp6KEKQ==",
      "dev": true,
      "dependencies": {
        "@bem/cell": "0.2.5",
        "@bem/naming": "2.0.0-6"
      }
    },
    "node_modules/@bem/fs-scheme/node_modules/@bem/cell": {
      "version": "0.2.5",
      "resolved": "https://registry.npmjs.org/@bem/cell/-/cell-0.2.5.tgz",
      "integrity": "sha512-NmqsxOk3tlPcy4ogRcuBMJ6wScA+Ac4NtXPrSy373xmtGSA19xln0WowRB3fa7p1689kxrTcIAXufjGUQxJfiA==",
      "dev": true,
      "dependencies": {
        "@bem/entity-name": "1.3.1"
      },
      "engines": {
        "node": ">= 4.0"
      }
    },
    "node_modules/@bem/fs-scheme/node_modules/@bem/entity-name": {
      "version": "1.3.1",
      "resolved": "https://registry.npmjs.org/@bem/entity-name/-/entity-name-1.3.1.tgz",
      "integrity": "sha512-lqmFQLZVzAxlt42Y6A4wTJVzbk2ZtONFN1d9kQifUXSuWPX/hXLVvAMOoIjKHUmLXEu8j29ju31V6Hb5iJE9cA==",
      "dev": true,
      "dependencies": {
        "bem-naming": "1.0.1"
      },
      "engines": {
        "node": ">= 4.0"
      }
    },
    "node_modules/@bem/naming": {
      "version": "2.0.0-6",
      "resolved": "https://registry.npmjs.org/@bem/naming/-/naming-2.0.0-6.tgz",
      "integrity": "sha512-dnkVJI82rwZYQfREbomqTyRS/x2Xi4OvLwNxt4CDeCSy0wWzOImd6M0/keBnsmfTvAHKrBw/waEQuXgjczpDIQ==",
      "dev": true,
      "dependencies": {
        "@bem/entity-name": "1.4.0"
      },
      "engines": {
        "node": ">= 4.0"
      }
    },
    "node_modules/@bem/naming/node_modules/@bem/entity-name": {
      "version": "1.4.0",
      "resolved": "https://registry.npmjs.org/@bem/entity-name/-/entity-name-1.4.0.tgz",
      "integrity": "sha512-+/Cz6PBEaFADTEvdDq8XOiEGGHD2qXe/Dh7wElSHo5FJT+linGHehsuJX30HciQ7v1VqF/am4Ist3TQq+/S0Dw==",
      "dev": true,
      "dependencies": {
        "@bem/naming": "2.0.0-5"
      },
      "engines": {
        "node": ">= 4.0"
      }
    },
    "node_modules/@bem/naming/node_modules/@bem/naming": {
      "version": "2.0.0-5",
      "resolved": "https://registry.npmjs.org/@bem/naming/-/naming-2.0.0-5.tgz",
      "integrity": "sha512-/JI0TiyrT4gqvA1PcZbwPkCvubr92BquRcRPypMxQ2ik3cmd9dSICfT3bi2Th27HYUnS2E2iBNtjyTnXgfbbmg==",
      "dev": true,
      "dependencies": {
        "@bem/entity-name": "1.3.1"
      },
      "engines": {
        "node": ">= 4.0"
      }
    },
    "node_modules/@bem/naming/node_modules/@bem/naming/node_modules/@bem/entity-name": {
      "version": "1.3.1",
      "resolved": "https://registry.npmjs.org/@bem/entity-name/-/entity-name-1.3.1.tgz",
      "integrity": "sha512-lqmFQLZVzAxlt42Y6A4wTJVzbk2ZtONFN1d9kQifUXSuWPX/hXLVvAMOoIjKHUmLXEu8j29ju31V6Hb5iJE9cA==",
      "dev": true,
      "dependencies": {
        "bem-naming": "1.0.1"
      },
      "engines": {
        "node": ">= 4.0"
      }
    },
    "node_modules/@bem/sdk.config": {
      "version": "0.0.8",
      "resolved": "https://registry.npmjs.org/@bem/sdk.config/-/sdk.config-0.0.8.tgz",
      "integrity": "sha512-kYqNI9xRFp/JG30/wknk88+WnRElhVFTz2Xa5RbesOMxVIhC5kdjOhbCTzf7FxoK5ZYKs9ouU7AAQPKEThQ03w==",
      "dev": true,
      "dependencies": {
        "betterc": "^1.3.0",
        "glob": "^7.0.5",
        "is-glob": "^3.1.0",
        "lodash.clonedeep": "^4.5.0",
        "lodash.flatten": "^4.4.0",
        "lodash.isequal": "^4.5.0",
        "lodash.mergewith": "^4.6.0",
        "lodash.uniqwith": "^4.5.0",
        "pinkie-promise": "^2.0.1"
      },
      "engines": {
        "node": ">=4"
      }
    },
    "node_modules/balanced-match": {
      "version": "1.0.2",
      "resolved": "https://registry.npmjs.org/balanced-match/-/balanced-match-1.0.2.tgz",
      "integrity": "sha512-3oSeUO0TMV67hN1AmbXsK4yaqU7tjiHlbxRDZOpH0KW9+CeX4bRAaX0Anxt0tx2MrpRpWwQaPwIlISEJhYU5Pw==",
      "dev": true
    },
    "node_modules/bem-naming": {
      "version": "1.0.1",
      "resolved": "https://registry.npmjs.org/bem-naming/-/bem-naming-1.0.1.tgz",
      "integrity": "sha512-tvBe/hfI5EkdmQvKIspDbzbAH0Z3tiUu1KMRu5KL2ZhNWxcZ0s55et/d7855dNYxr3SI1tHBzsiFLbgEMyjPig==",
      "dev": true,
      "engines": {
        "node": ">= 4.0"
      }
    },
    "node_modules/bem-tools-create": {
      "version": "2.3.0",
      "resolved": "https://registry.npmjs.org/bem-tools-create/-/bem-tools-create-2.3.0.tgz",
      "integrity": "sha512-L+X/pNB7VuUBFVKQqT+IEWMM3+/7i9+yWLHZq8sKRG3Orgmfe3qAee7JCiobh3hf/Qh9felvPRaY60kX8tCdhg==",
      "dev": true,
      "dependencies": {
        "@bem/cell": "^0.2.5",
        "@bem/entity-name": "^1.3.2",
        "@bem/fs-scheme": "^2.1.1-0",
        "@bem/naming": "^2.0.0-5",
        "@bem/sdk.config": "0.0.8",
        "brace-expansion": "^1.1.6",
        "mkdirp": "^0.5.1",
        "pinkie-promise": "^2.0.1",
        "uniq": "^1.0.1"
      }
    },
    "node_modules/betterc": {
      "version": "1.3.0",
      "resolved": "https://registry.npmjs.org/betterc/-/betterc-1.3.0.tgz",
      "integrity": "sha512-8pdKzVTrPxhzRYyBKf0ArQXhGmSNUzYMHcfauXq7xf/gL5tAYXPJkNFUvL/wT2pIl++sfzsyPyZtLqdJe9G3PA==",
      "dev": true,
      "dependencies": {
        "lodash": "^4.13.1",
        "minimist": "^1.2.0",
        "node-eval": "^1.0.2",
        "os-homedir": "^1.0.1",
        "pinkie-promise": "^2.0.1"
      }
    },
    "node_modules/brace-expansion": {
      "version": "1.1.11",
      "resolved": "https://registry.npmjs.org/brace-expansion/-/brace-expansion-1.1.11.tgz",
      "integrity": "sha512-iCuPHDFgrHX7H2vEI/5xpz07zSHB00TpugqhmYtVmMO6518mCuRMoOYFldEBl0g187ufozdaHgWKcYFb61qGiA==",
      "dev": true,
      "dependencies": {
        "balanced-match": "^1.0.0",
        "concat-map": "0.0.1"
      }
    },
    "node_modules/concat-map": {
      "version": "0.0.1",
      "resolved": "https://registry.npmjs.org/concat-map/-/concat-map-0.0.1.tgz",
      "integrity": "sha512-/Srv4dswyQNBfohGpz9o6Yb3Gz3SrUDqBH5rTuhGR7ahtlbYKnVxw2bCFMRljaA7EXHaXZ8wsHdodFvbkhKmqg==",
      "dev": true
    },
    "node_modules/css-to-bem-file-structure": {
      "version": "0.0.2",
      "resolved": "https://registry.npmjs.org/css-to-bem-file-structure/-/css-to-bem-file-structure-0.0.2.tgz",
      "integrity": "sha512-IrTwTQbxtrT0U2SY0IJkQLka8JXosmZ8SrpI+OsLnfANu2RbPYR80uoX9O8cAKGJnYqzmgZc0qGX0NvBjufPfg==",
      "dev": true,
      "dependencies": {
        "bem-tools-create": "^2.3.0",
        "postcss": "^8.4.5"
      },
      "bin": {
        "css-to-bem-file-structure": "bin/create-by-css"
      }
    },
    "node_modules/depd": {
      "version": "1.1.0",
      "resolved": "https://registry.npmjs.org/depd/-/depd-1.1.0.tgz",
      "integrity": "sha512-SN03SKT2SwhaAKUnRJ47Scnys7ZL2FuogA/6s9u5+58RAyqhsI2HBDZymMB0omazkYVBAwBHW9ONcjd4iZ8hDQ==",
      "dev": true,
      "engines": {
        "node": ">= 0.6"
      }
    },
    "node_modules/es6-error": {
      "version": "4.0.2",
      "resolved": "https://registry.npmjs.org/es6-error/-/es6-error-4.0.2.tgz",
      "integrity": "sha512-8zVGux6U4oFq13ttp5lfXAGHrNEi+p6agxpT7CK6A7zCqvivfq5bfhtU52Is63Zxd14M9CDrGAzOVE7w4Xl4ow==",
      "dev": true
    },
    "node_modules/fs.realpath": {
      "version": "1.0.0",
      "resolved": "https://registry.npmjs.org/fs.realpath/-/fs.realpath-1.0.0.tgz",
      "integrity": "sha512-OO0pH2lK6a0hZnAdau5ItzHPI6pUlvI7jMVnxUQRtw4owF2wk8lOSabtGDCTP4Ggrg2MbGnWO9X8K1t4+fGMDw==",
      "dev": true
    },
    "node_modules/glob": {
      "version": "7.2.3",
      "resolved": "https://registry.npmjs.org/glob/-/glob-7.2.3.tgz",
      "integrity": "sha512-nFR0zLpU2YCaRxwoCJvL6UvCH2JFyFVIvwTLsIf21AuHlMskA1hhTdk+LlYJtOlYt9v6dvszD2BGRqBL+iQK9Q==",
      "dev": true,
      "dependencies": {
        "fs.realpath": "^1.0.0",
        "inflight": "^1.0.4",
        "inherits": "2",
        "minimatch": "^3.1.1",
        "once": "^1.3.0",
        "path-is-absolute": "^1.0.0"
      },
      "engines": {
        "node": "*"
      },
      "funding": {
        "url": "https://github.com/sponsors/isaacs"
      }
    },
    "node_modules/inflight": {
      "version": "1.0.6",
      "resolved": "https://registry.npmjs.org/inflight/-/inflight-1.0.6.tgz",
      "integrity": "sha512-k92I/b08q4wvFscXCLvqfsHCrjrF7yiXsQuIVvVE7N82W3+aqpzuUdBbfhWcy/FZR3/4IgflMgKLOsvPDrGCJA==",
      "dev": true,
      "dependencies": {
        "once": "^1.3.0",
        "wrappy": "1"
      }
    },
    "node_modules/inherits": {
      "version": "2.0.4",
      "resolved": "https://registry.npmjs.org/inherits/-/inherits-2.0.4.tgz",
      "integrity": "sha512-k/vGaX4/Yla3WzyMCvTQOXYeIHvqOKtnqBduzTHpzpQZzAskKMhZ2K+EnBiSM9zGSoIFeMpXKxa4dYeZIQqewQ==",
      "dev": true
    },
    "node_modules/is-extglob": {
      "version": "2.1.1",
      "resolved": "https://registry.npmjs.org/is-extglob/-/is-extglob-2.1.1.tgz",
      "integrity": "sha512-SbKbANkN603Vi4jEZv49LeVJMn4yGwsbzZworEoyEiutsN3nJYdbO36zfhGJ6QEDpOZIFkDtnq5JRxmvl3jsoQ==",
      "dev": true,
      "engines": {
        "node": ">=0.10.0"
      }
    },
    "node_modules/is-glob": {
      "version": "3.1.0",
      "resolved": "https://registry.npmjs.org/is-glob/-/is-glob-3.1.0.tgz",
      "integrity": "sha512-UFpDDrPgM6qpnFNI+rh/p3bUaq9hKLZN8bMUWzxmcnZVS3omf4IPK+BrewlnWjO1WmUsMYuSjKh4UJuV4+Lqmw==",
      "dev": true,
      "dependencies": {
        "is-extglob": "^2.1.0"
      },
      "engines": {
        "node": ">=0.10.0"
      }
    },
    "node_modules/lodash": {
      "version": "4.17.21",
      "resolved": "https://registry.npmjs.org/lodash/-/lodash-4.17.21.tgz",
      "integrity": "sha512-v2kDEe57lecTulaDIuNTPy3Ry4gLGJ6Z1O3vE1krgXZNrsQ+LFTGHVxVjcXPs17LhbZVGedAJv8XZ1tvj5FvSg==",
      "dev": true
    },
    "node_modules/lodash.clonedeep": {
      "version": "4.5.0",
      "resolved": "https://registry.npmjs.org/lodash.clonedeep/-/lodash.clonedeep-4.5.0.tgz",
      "integrity": "sha512-H5ZhCF25riFd9uB5UCkVKo61m3S/xZk1x4wA6yp/L3RFP6Z/eHH1ymQcGLo7J3GMPfm0V/7m1tryHuGVxpqEBQ==",
      "dev": true
    },
    "node_modules/lodash.flatten": {
      "version": "4.4.0",
      "resolved": "https://registry.npmjs.org/lodash.flatten/-/lodash.flatten-4.4.0.tgz",
      "integrity": "sha512-C5N2Z3DgnnKr0LOpv/hKCgKdb7ZZwafIrsesve6lmzvZIRZRGaZ/l6Q8+2W7NaT+ZwO3fFlSCzCzrDCFdJfZ4g==",
      "dev": true
    },
    "node_modules/lodash.isequal": {
      "version": "4.5.0",
      "resolved": "https://registry.npmjs.org/lodash.isequal/-/lodash.isequal-4.5.0.tgz",
      "integrity": "sha512-pDo3lu8Jhfjqls6GkMgpahsF9kCyayhgykjyLMNFTKWrpVdAQtYyB4muAMWozBB4ig/dtWAmsMxLEI8wuz+DYQ==",
      "dev": true
    },
    "node_modules/lodash.mergewith": {
      "version": "4.6.2",
      "resolved": "https://registry.npmjs.org/lodash.mergewith/-/lodash.mergewith-4.6.2.tgz",
      "integrity": "sha512-GK3g5RPZWTRSeLSpgP8Xhra+pnjBC56q9FZYe1d5RN3TJ35dbkGy3YqBSMbyCrlbi+CM9Z3Jk5yTL7RCsqboyQ==",
      "dev": true
    },
    "node_modules/lodash.uniqwith": {
      "version": "4.5.0",
      "resolved": "https://registry.npmjs.org/lodash.uniqwith/-/lodash.uniqwith-4.5.0.tgz",
      "integrity": "sha512-7lYL8bLopMoy4CTICbxygAUq6CdRJ36vFc80DucPueUee+d5NBRxz3FdT9Pes/HEx5mPoT9jwnsEJWz1N7uq7Q==",
      "dev": true
    },
    "node_modules/minimatch": {
      "version": "3.1.2",
      "resolved": "https://registry.npmjs.org/minimatch/-/minimatch-3.1.2.tgz",
      "integrity": "sha512-J7p63hRiAjw1NDEww1W7i37+ByIrOWO5XQQAzZ3VOcL0PNybwpfmV/N05zFAzwQ9USyEcX6t3UO+K5aqBQOIHw==",
      "dev": true,
      "dependencies": {
        "brace-expansion": "^1.1.7"
      },
      "engines": {
        "node": "*"
      }
    },
    "node_modules/minimist": {
      "version": "1.2.6",
      "resolved": "https://registry.npmjs.org/minimist/-/minimist-1.2.6.tgz",
      "integrity": "sha512-Jsjnk4bw3YJqYzbdyBiNsPWHPfO++UGG749Cxs6peCu5Xg4nrena6OVxOYxrQTqww0Jmwt+Ref8rggumkTLz9Q==",
      "dev": true
    },
    "node_modules/mkdirp": {
      "version": "0.5.6",
      "resolved": "https://registry.npmjs.org/mkdirp/-/mkdirp-0.5.6.tgz",
      "integrity": "sha512-FP+p8RB8OWpF3YZBCrP5gtADmtXApB5AMLn+vdyA+PyxCjrCs00mjyUozssO33cwDeT3wNGdLxJ5M//YqtHAJw==",
      "dev": true,
      "dependencies": {
        "minimist": "^1.2.6"
      },
      "bin": {
        "mkdirp": "bin/cmd.js"
      }
    },
    "node_modules/nanoid": {
      "version": "3.3.4",
      "resolved": "https://registry.npmjs.org/nanoid/-/nanoid-3.3.4.tgz",
      "integrity": "sha512-MqBkQh/OHTS2egovRtLk45wEyNXwF+cokD+1YPf9u5VfJiRdAiRwB2froX5Co9Rh20xs4siNPm8naNotSD6RBw==",
      "dev": true,
      "bin": {
        "nanoid": "bin/nanoid.cjs"
      },
      "engines": {
        "node": "^10 || ^12 || ^13.7 || ^14 || >=15.0.1"
      }
    },
    "node_modules/node-eval": {
      "version": "1.1.1",
      "resolved": "https://registry.npmjs.org/node-eval/-/node-eval-1.1.1.tgz",
      "integrity": "sha512-bXlCTkee8GZCoULxbSpEXSPIu98paZDPTwNo4qk64HxfEs+RdlXzojFGpGhAxr7JyFiDGwTX6EFTDYMkIZiB+A==",
      "dev": true,
      "dependencies": {
        "path-is-absolute": "1.0.1"
      },
      "engines": {
        "node": ">= 0.10"
      }
    },
    "node_modules/once": {
      "version": "1.4.0",
      "resolved": "https://registry.npmjs.org/once/-/once-1.4.0.tgz",
      "integrity": "sha512-lNaJgI+2Q5URQBkccEKHTQOPaXdUxnZZElQTZY0MFUAuaEqe1E+Nyvgdz/aIyNi6Z9MzO5dv1H8n58/GELp3+w==",
      "dev": true,
      "dependencies": {
        "wrappy": "1"
      }
    },
    "node_modules/os-homedir": {
      "version": "1.0.2",
      "resolved": "https://registry.npmjs.org/os-homedir/-/os-homedir-1.0.2.tgz",
      "integrity": "sha512-B5JU3cabzk8c67mRRd3ECmROafjYMXbuzlwtqdM8IbS8ktlTix8aFGb2bAGKrSRIlnfKwovGUUr72JUPyOb6kQ==",
      "dev": true,
      "engines": {
        "node": ">=0.10.0"
      }
    },
    "node_modules/path-is-absolute": {
      "version": "1.0.1",
      "resolved": "https://registry.npmjs.org/path-is-absolute/-/path-is-absolute-1.0.1.tgz",
      "integrity": "sha512-AVbw3UJ2e9bq64vSaS9Am0fje1Pa8pbGqTTsmXfaIiMpnr5DlDhfJOuLj9Sf95ZPVDAUerDfEk88MPmPe7UCQg==",
      "dev": true,
      "engines": {
        "node": ">=0.10.0"
      }
    },
    "node_modules/picocolors": {
      "version": "1.0.0",
      "resolved": "https://registry.npmjs.org/picocolors/-/picocolors-1.0.0.tgz",
      "integrity": "sha512-1fygroTLlHu66zi26VoTDv8yRgm0Fccecssto+MhsZ0D/DGW2sm8E8AjW7NU5VVTRt5GxbeZ5qBuJr+HyLYkjQ==",
      "dev": true
    },
    "node_modules/pinkie": {
      "version": "2.0.4",
      "resolved": "https://registry.npmjs.org/pinkie/-/pinkie-2.0.4.tgz",
      "integrity": "sha512-MnUuEycAemtSaeFSjXKW/aroV7akBbY+Sv+RkyqFjgAe73F+MR0TBWKBRDkmfWq/HiFmdavfZ1G7h4SPZXaCSg==",
      "dev": true,
      "engines": {
        "node": ">=0.10.0"
      }
    },
    "node_modules/pinkie-promise": {
      "version": "2.0.1",
      "resolved": "https://registry.npmjs.org/pinkie-promise/-/pinkie-promise-2.0.1.tgz",
      "integrity": "sha512-0Gni6D4UcLTbv9c57DfxDGdr41XfgUjqWZu492f0cIGr16zDU06BWP/RAEvOuo7CQ0CNjHaLlM59YJJFm3NWlw==",
      "dev": true,
      "dependencies": {
        "pinkie": "^2.0.0"
      },
      "engines": {
        "node": ">=0.10.0"
      }
    },
    "node_modules/postcss": {
      "version": "8.4.17",
      "resolved": "https://registry.npmjs.org/postcss/-/postcss-8.4.17.tgz",
      "integrity": "sha512-UNxNOLQydcOFi41yHNMcKRZ39NeXlr8AxGuZJsdub8vIb12fHzcq37DTU/QtbI6WLxNg2gF9Z+8qtRwTj1UI1Q==",
      "dev": true,
      "funding": [
        {
          "type": "opencollective",
          "url": "https://opencollective.com/postcss/"
        },
        {
          "type": "tidelift",
          "url": "https://tidelift.com/funding/github/npm/postcss"
        }
      ],
      "dependencies": {
        "nanoid": "^3.3.4",
        "picocolors": "^1.0.0",
        "source-map-js": "^1.0.2"
      },
      "engines": {
        "node": "^10 || ^12 || >=14"
      }
    },
    "node_modules/source-map-js": {
      "version": "1.0.2",
      "resolved": "https://registry.npmjs.org/source-map-js/-/source-map-js-1.0.2.tgz",
      "integrity": "sha512-R0XvVJ9WusLiqTCEiGCmICCMplcCkIwwR11mOSD9CR5u+IXYdiseeEuXCVAjS54zqwkLcPNnmU4OeJ6tUrWhDw==",
      "dev": true,
      "engines": {
        "node": ">=0.10.0"
      }
    },
    "node_modules/uniq": {
      "version": "1.0.1",
      "resolved": "https://registry.npmjs.org/uniq/-/uniq-1.0.1.tgz",
      "integrity": "sha512-Gw+zz50YNKPDKXs+9d+aKAjVwpjNwqzvNpLigIruT4HA9lMZNdMqs9x07kKHB/L9WRzqp4+DlTU5s4wG2esdoA==",
      "dev": true
    },
    "node_modules/wrappy": {
      "version": "1.0.2",
      "resolved": "https://registry.npmjs.org/wrappy/-/wrappy-1.0.2.tgz",
      "integrity": "sha512-l4Sp/DRseor9wL6EvV2+TuQn63dMkPjZ/sp9XkghTEbV9KlPS1xUsZ3u7/IQO4wxtcFB4bgpQPRcR3QCvezPcQ==",
      "dev": true
    }
  },
  "dependencies": {
    "@bem/cell": {
      "version": "0.2.6",
      "resolved": "https://registry.npmjs.org/@bem/cell/-/cell-0.2.6.tgz",
      "integrity": "sha512-/V45wnK7ak1+gT80cKi4FimJmbFq2FNt5z/tGQ4vOVttbZbzTDxcw2iQ31mMLQ+iQACNprBOaNKAW/XOHgjeXg==",
      "dev": true,
      "requires": {
        "@bem/entity-name": "1.4.0",
        "depd": "1.1.0"
      },
      "dependencies": {
        "@bem/entity-name": {
          "version": "1.4.0",
          "resolved": "https://registry.npmjs.org/@bem/entity-name/-/entity-name-1.4.0.tgz",
          "integrity": "sha512-+/Cz6PBEaFADTEvdDq8XOiEGGHD2qXe/Dh7wElSHo5FJT+linGHehsuJX30HciQ7v1VqF/am4Ist3TQq+/S0Dw==",
          "dev": true,
          "requires": {
            "@bem/naming": "2.0.0-5"
          }
        },
        "@bem/naming": {
          "version": "2.0.0-5",
          "resolved": "https://registry.npmjs.org/@bem/naming/-/naming-2.0.0-5.tgz",
          "integrity": "sha512-/JI0TiyrT4gqvA1PcZbwPkCvubr92BquRcRPypMxQ2ik3cmd9dSICfT3bi2Th27HYUnS2E2iBNtjyTnXgfbbmg==",
          "dev": true,
          "requires": {
            "@bem/entity-name": "1.3.1"
          },
          "dependencies": {
            "@bem/entity-name": {
              "version": "1.3.1",
              "resolved": "https://registry.npmjs.org/@bem/entity-name/-/entity-name-1.3.1.tgz",
              "integrity": "sha512-lqmFQLZVzAxlt42Y6A4wTJVzbk2ZtONFN1d9kQifUXSuWPX/hXLVvAMOoIjKHUmLXEu8j29ju31V6Hb5iJE9cA==",
              "dev": true,
              "requires": {
                "bem-naming": "1.0.1"
              }
            }
          }
        }
      }
    },
    "@bem/entity-name": {
      "version": "1.5.0",
      "resolved": "https://registry.npmjs.org/@bem/entity-name/-/entity-name-1.5.0.tgz",
      "integrity": "sha512-lrb1OcVLaojhupj72k1skRy5KamTIjJLy4VSh+I05C9vz20hdotSpHdzNNjRIaDJgbAtBSn6duG6dKtiOSQdxw==",
      "dev": true,
      "requires": {
        "@bem/naming": "2.0.0-5",
        "depd": "1.1.0",
        "es6-error": "4.0.2"
      },
      "dependencies": {
        "@bem/entity-name": {
          "version": "1.3.1",
          "resolved": "https://registry.npmjs.org/@bem/entity-name/-/entity-name-1.3.1.tgz",
          "integrity": "sha512-lqmFQLZVzAxlt42Y6A4wTJVzbk2ZtONFN1d9kQifUXSuWPX/hXLVvAMOoIjKHUmLXEu8j29ju31V6Hb5iJE9cA==",
          "dev": true,
          "requires": {
            "bem-naming": "1.0.1"
          }
        },
        "@bem/naming": {
          "version": "2.0.0-5",
          "resolved": "https://registry.npmjs.org/@bem/naming/-/naming-2.0.0-5.tgz",
          "integrity": "sha512-/JI0TiyrT4gqvA1PcZbwPkCvubr92BquRcRPypMxQ2ik3cmd9dSICfT3bi2Th27HYUnS2E2iBNtjyTnXgfbbmg==",
          "dev": true,
          "requires": {
            "@bem/entity-name": "1.3.1"
          }
        }
      }
    },
    "@bem/fs-scheme": {
      "version": "2.2.0",
      "resolved": "https://registry.npmjs.org/@bem/fs-scheme/-/fs-scheme-2.2.0.tgz",
      "integrity": "sha512-51u7dfzP0VPWOQc2SegcJZlvGWMDrFg1KsjaFd8xlDI2cudZKLgppY5eHA06XaZnknYM0unaFF3LQ3Uwp6KEKQ==",
      "dev": true,
      "requires": {
        "@bem/cell": "0.2.5",
        "@bem/naming": "2.0.0-6"
      },
      "dependencies": {
        "@bem/cell": {
          "version": "0.2.5",
          "resolved": "https://registry.npmjs.org/@bem/cell/-/cell-0.2.5.tgz",
          "integrity": "sha512-NmqsxOk3tlPcy4ogRcuBMJ6wScA+Ac4NtXPrSy373xmtGSA19xln0WowRB3fa7p1689kxrTcIAXufjGUQxJfiA==",
          "dev": true,
          "requires": {
            "@bem/entity-name": "1.3.1"
          }
        },
        "@bem/entity-name": {
          "version": "1.3.1",
          "resolved": "https://registry.npmjs.org/@bem/entity-name/-/entity-name-1.3.1.tgz",
          "integrity": "sha512-lqmFQLZVzAxlt42Y6A4wTJVzbk2ZtONFN1d9kQifUXSuWPX/hXLVvAMOoIjKHUmLXEu8j29ju31V6Hb5iJE9cA==",
          "dev": true,
          "requires": {
            "bem-naming": "1.0.1"
          }
        }
      }
    },
    "@bem/naming": {
      "version": "2.0.0-6",
      "resolved": "https://registry.npmjs.org/@bem/naming/-/naming-2.0.0-6.tgz",
      "integrity": "sha512-dnkVJI82rwZYQfREbomqTyRS/x2Xi4OvLwNxt4CDeCSy0wWzOImd6M0/keBnsmfTvAHKrBw/waEQuXgjczpDIQ==",
      "dev": true,
      "requires": {
        "@bem/entity-name": "1.4.0"
      },
      "dependencies": {
        "@bem/entity-name": {
          "version": "1.4.0",
          "resolved": "https://registry.npmjs.org/@bem/entity-name/-/entity-name-1.4.0.tgz",
          "integrity": "sha512-+/Cz6PBEaFADTEvdDq8XOiEGGHD2qXe/Dh7wElSHo5FJT+linGHehsuJX30HciQ7v1VqF/am4Ist3TQq+/S0Dw==",
          "dev": true,
          "requires": {
            "@bem/naming": "2.0.0-5"
          }
        },
        "@bem/naming": {
          "version": "2.0.0-5",
          "resolved": "https://registry.npmjs.org/@bem/naming/-/naming-2.0.0-5.tgz",
          "integrity": "sha512-/JI0TiyrT4gqvA1PcZbwPkCvubr92BquRcRPypMxQ2ik3cmd9dSICfT3bi2Th27HYUnS2E2iBNtjyTnXgfbbmg==",
          "dev": true,
          "requires": {
            "@bem/entity-name": "1.3.1"
          },
          "dependencies": {
            "@bem/entity-name": {
              "version": "1.3.1",
              "resolved": "https://registry.npmjs.org/@bem/entity-name/-/entity-name-1.3.1.tgz",
              "integrity": "sha512-lqmFQLZVzAxlt42Y6A4wTJVzbk2ZtONFN1d9kQifUXSuWPX/hXLVvAMOoIjKHUmLXEu8j29ju31V6Hb5iJE9cA==",
              "dev": true,
              "requires": {
                "bem-naming": "1.0.1"
              }
            }
          }
        }
      }
    },
    "@bem/sdk.config": {
      "version": "0.0.8",
      "resolved": "https://registry.npmjs.org/@bem/sdk.config/-/sdk.config-0.0.8.tgz",
      "integrity": "sha512-kYqNI9xRFp/JG30/wknk88+WnRElhVFTz2Xa5RbesOMxVIhC5kdjOhbCTzf7FxoK5ZYKs9ouU7AAQPKEThQ03w==",
      "dev": true,
      "requires": {
        "betterc": "^1.3.0",
        "glob": "^7.0.5",
        "is-glob": "^3.1.0",
        "lodash.clonedeep": "^4.5.0",
        "lodash.flatten": "^4.4.0",
        "lodash.isequal": "^4.5.0",
        "lodash.mergewith": "^4.6.0",
        "lodash.uniqwith": "^4.5.0",
        "pinkie-promise": "^2.0.1"
      }
    },
    "balanced-match": {
      "version": "1.0.2",
      "resolved": "https://registry.npmjs.org/balanced-match/-/balanced-match-1.0.2.tgz",
      "integrity": "sha512-3oSeUO0TMV67hN1AmbXsK4yaqU7tjiHlbxRDZOpH0KW9+CeX4bRAaX0Anxt0tx2MrpRpWwQaPwIlISEJhYU5Pw==",
      "dev": true
    },
    "bem-naming": {
      "version": "1.0.1",
      "resolved": "https://registry.npmjs.org/bem-naming/-/bem-naming-1.0.1.tgz",
      "integrity": "sha512-tvBe/hfI5EkdmQvKIspDbzbAH0Z3tiUu1KMRu5KL2ZhNWxcZ0s55et/d7855dNYxr3SI1tHBzsiFLbgEMyjPig==",
      "dev": true
    },
    "bem-tools-create": {
      "version": "2.3.0",
      "resolved": "https://registry.npmjs.org/bem-tools-create/-/bem-tools-create-2.3.0.tgz",
      "integrity": "sha512-L+X/pNB7VuUBFVKQqT+IEWMM3+/7i9+yWLHZq8sKRG3Orgmfe3qAee7JCiobh3hf/Qh9felvPRaY60kX8tCdhg==",
      "dev": true,
      "requires": {
        "@bem/cell": "^0.2.5",
        "@bem/entity-name": "^1.3.2",
        "@bem/fs-scheme": "^2.1.1-0",
        "@bem/naming": "^2.0.0-5",
        "@bem/sdk.config": "0.0.8",
        "brace-expansion": "^1.1.6",
        "mkdirp": "^0.5.1",
        "pinkie-promise": "^2.0.1",
        "uniq": "^1.0.1"
      }
    },
    "betterc": {
      "version": "1.3.0",
      "resolved": "https://registry.npmjs.org/betterc/-/betterc-1.3.0.tgz",
      "integrity": "sha512-8pdKzVTrPxhzRYyBKf0ArQXhGmSNUzYMHcfauXq7xf/gL5tAYXPJkNFUvL/wT2pIl++sfzsyPyZtLqdJe9G3PA==",
      "dev": true,
      "requires": {
        "lodash": "^4.13.1",
        "minimist": "^1.2.0",
        "node-eval": "^1.0.2",
        "os-homedir": "^1.0.1",
        "pinkie-promise": "^2.0.1"
      }
    },
    "brace-expansion": {
      "version": "1.1.11",
      "resolved": "https://registry.npmjs.org/brace-expansion/-/brace-expansion-1.1.11.tgz",
      "integrity": "sha512-iCuPHDFgrHX7H2vEI/5xpz07zSHB00TpugqhmYtVmMO6518mCuRMoOYFldEBl0g187ufozdaHgWKcYFb61qGiA==",
      "dev": true,
      "requires": {
        "balanced-match": "^1.0.0",
        "concat-map": "0.0.1"
      }
    },
    "concat-map": {
      "version": "0.0.1",
      "resolved": "https://registry.npmjs.org/concat-map/-/concat-map-0.0.1.tgz",
      "integrity": "sha512-/Srv4dswyQNBfohGpz9o6Yb3Gz3SrUDqBH5rTuhGR7ahtlbYKnVxw2bCFMRljaA7EXHaXZ8wsHdodFvbkhKmqg==",
      "dev": true
    },
    "css-to-bem-file-structure": {
      "version": "0.0.2",
      "resolved": "https://registry.npmjs.org/css-to-bem-file-structure/-/css-to-bem-file-structure-0.0.2.tgz",
      "integrity": "sha512-IrTwTQbxtrT0U2SY0IJkQLka8JXosmZ8SrpI+OsLnfANu2RbPYR80uoX9O8cAKGJnYqzmgZc0qGX0NvBjufPfg==",
      "dev": true,
      "requires": {
        "bem-tools-create": "^2.3.0",
        "postcss": "^8.4.5"
      }
    },
    "depd": {
      "version": "1.1.0",
      "resolved": "https://registry.npmjs.org/depd/-/depd-1.1.0.tgz",
      "integrity": "sha512-SN03SKT2SwhaAKUnRJ47Scnys7ZL2FuogA/6s9u5+58RAyqhsI2HBDZymMB0omazkYVBAwBHW9ONcjd4iZ8hDQ==",
      "dev": true
    },
    "es6-error": {
      "version": "4.0.2",
      "resolved": "https://registry.npmjs.org/es6-error/-/es6-error-4.0.2.tgz",
      "integrity": "sha512-8zVGux6U4oFq13ttp5lfXAGHrNEi+p6agxpT7CK6A7zCqvivfq5bfhtU52Is63Zxd14M9CDrGAzOVE7w4Xl4ow==",
      "dev": true
    },
    "fs.realpath": {
      "version": "1.0.0",
      "resolved": "https://registry.npmjs.org/fs.realpath/-/fs.realpath-1.0.0.tgz",
      "integrity": "sha512-OO0pH2lK6a0hZnAdau5ItzHPI6pUlvI7jMVnxUQRtw4owF2wk8lOSabtGDCTP4Ggrg2MbGnWO9X8K1t4+fGMDw==",
      "dev": true
    },
    "glob": {
      "version": "7.2.3",
      "resolved": "https://registry.npmjs.org/glob/-/glob-7.2.3.tgz",
      "integrity": "sha512-nFR0zLpU2YCaRxwoCJvL6UvCH2JFyFVIvwTLsIf21AuHlMskA1hhTdk+LlYJtOlYt9v6dvszD2BGRqBL+iQK9Q==",
      "dev": true,
      "requires": {
        "fs.realpath": "^1.0.0",
        "inflight": "^1.0.4",
        "inherits": "2",
        "minimatch": "^3.1.1",
        "once": "^1.3.0",
        "path-is-absolute": "^1.0.0"
      }
    },
    "inflight": {
      "version": "1.0.6",
      "resolved": "https://registry.npmjs.org/inflight/-/inflight-1.0.6.tgz",
      "integrity": "sha512-k92I/b08q4wvFscXCLvqfsHCrjrF7yiXsQuIVvVE7N82W3+aqpzuUdBbfhWcy/FZR3/4IgflMgKLOsvPDrGCJA==",
      "dev": true,
      "requires": {
        "once": "^1.3.0",
        "wrappy": "1"
      }
    },
    "inherits": {
      "version": "2.0.4",
      "resolved": "https://registry.npmjs.org/inherits/-/inherits-2.0.4.tgz",
      "integrity": "sha512-k/vGaX4/Yla3WzyMCvTQOXYeIHvqOKtnqBduzTHpzpQZzAskKMhZ2K+EnBiSM9zGSoIFeMpXKxa4dYeZIQqewQ==",
      "dev": true
    },
    "is-extglob": {
      "version": "2.1.1",
      "resolved": "https://registry.npmjs.org/is-extglob/-/is-extglob-2.1.1.tgz",
      "integrity": "sha512-SbKbANkN603Vi4jEZv49LeVJMn4yGwsbzZworEoyEiutsN3nJYdbO36zfhGJ6QEDpOZIFkDtnq5JRxmvl3jsoQ==",
      "dev": true
    },
    "is-glob": {
      "version": "3.1.0",
      "resolved": "https://registry.npmjs.org/is-glob/-/is-glob-3.1.0.tgz",
      "integrity": "sha512-UFpDDrPgM6qpnFNI+rh/p3bUaq9hKLZN8bMUWzxmcnZVS3omf4IPK+BrewlnWjO1WmUsMYuSjKh4UJuV4+Lqmw==",
      "dev": true,
      "requires": {
        "is-extglob": "^2.1.0"
      }
    },
    "lodash": {
      "version": "4.17.21",
      "resolved": "https://registry.npmjs.org/lodash/-/lodash-4.17.21.tgz",
      "integrity": "sha512-v2kDEe57lecTulaDIuNTPy3Ry4gLGJ6Z1O3vE1krgXZNrsQ+LFTGHVxVjcXPs17LhbZVGedAJv8XZ1tvj5FvSg==",
      "dev": true
    },
    "lodash.clonedeep": {
      "version": "4.5.0",
      "resolved": "https://registry.npmjs.org/lodash.clonedeep/-/lodash.clonedeep-4.5.0.tgz",
      "integrity": "sha512-H5ZhCF25riFd9uB5UCkVKo61m3S/xZk1x4wA6yp/L3RFP6Z/eHH1ymQcGLo7J3GMPfm0V/7m1tryHuGVxpqEBQ==",
      "dev": true
    },
    "lodash.flatten": {
      "version": "4.4.0",
      "resolved": "https://registry.npmjs.org/lodash.flatten/-/lodash.flatten-4.4.0.tgz",
      "integrity": "sha512-C5N2Z3DgnnKr0LOpv/hKCgKdb7ZZwafIrsesve6lmzvZIRZRGaZ/l6Q8+2W7NaT+ZwO3fFlSCzCzrDCFdJfZ4g==",
      "dev": true
    },
    "lodash.isequal": {
      "version": "4.5.0",
      "resolved": "https://registry.npmjs.org/lodash.isequal/-/lodash.isequal-4.5.0.tgz",
      "integrity": "sha512-pDo3lu8Jhfjqls6GkMgpahsF9kCyayhgykjyLMNFTKWrpVdAQtYyB4muAMWozBB4ig/dtWAmsMxLEI8wuz+DYQ==",
      "dev": true
    },
    "lodash.mergewith": {
      "version": "4.6.2",
      "resolved": "https://registry.npmjs.org/lodash.mergewith/-/lodash.mergewith-4.6.2.tgz",
      "integrity": "sha512-GK3g5RPZWTRSeLSpgP8Xhra+pnjBC56q9FZYe1d5RN3TJ35dbkGy3YqBSMbyCrlbi+CM9Z3Jk5yTL7RCsqboyQ==",
      "dev": true
    },
    "lodash.uniqwith": {
      "version": "4.5.0",
      "resolved": "https://registry.npmjs.org/lodash.uniqwith/-/lodash.uniqwith-4.5.0.tgz",
      "integrity": "sha512-7lYL8bLopMoy4CTICbxygAUq6CdRJ36vFc80DucPueUee+d5NBRxz3FdT9Pes/HEx5mPoT9jwnsEJWz1N7uq7Q==",
      "dev": true
    },
    "minimatch": {
      "version": "3.1.2",
      "resolved": "https://registry.npmjs.org/minimatch/-/minimatch-3.1.2.tgz",
      "integrity": "sha512-J7p63hRiAjw1NDEww1W7i37+ByIrOWO5XQQAzZ3VOcL0PNybwpfmV/N05zFAzwQ9USyEcX6t3UO+K5aqBQOIHw==",
      "dev": true,
      "requires": {
        "brace-expansion": "^1.1.7"
      }
    },
    "minimist": {
      "version": "1.2.6",
      "resolved": "https://registry.npmjs.org/minimist/-/minimist-1.2.6.tgz",
      "integrity": "sha512-Jsjnk4bw3YJqYzbdyBiNsPWHPfO++UGG749Cxs6peCu5Xg4nrena6OVxOYxrQTqww0Jmwt+Ref8rggumkTLz9Q==",
      "dev": true
    },
    "mkdirp": {
      "version": "0.5.6",
      "resolved": "https://registry.npmjs.org/mkdirp/-/mkdirp-0.5.6.tgz",
      "integrity": "sha512-FP+p8RB8OWpF3YZBCrP5gtADmtXApB5AMLn+vdyA+PyxCjrCs00mjyUozssO33cwDeT3wNGdLxJ5M//YqtHAJw==",
      "dev": true,
      "requires": {
        "minimist": "^1.2.6"
      }
    },
    "nanoid": {
      "version": "3.3.4",
      "resolved": "https://registry.npmjs.org/nanoid/-/nanoid-3.3.4.tgz",
      "integrity": "sha512-MqBkQh/OHTS2egovRtLk45wEyNXwF+cokD+1YPf9u5VfJiRdAiRwB2froX5Co9Rh20xs4siNPm8naNotSD6RBw==",
      "dev": true
    },
    "node-eval": {
      "version": "1.1.1",
      "resolved": "https://registry.npmjs.org/node-eval/-/node-eval-1.1.1.tgz",
      "integrity": "sha512-bXlCTkee8GZCoULxbSpEXSPIu98paZDPTwNo4qk64HxfEs+RdlXzojFGpGhAxr7JyFiDGwTX6EFTDYMkIZiB+A==",
      "dev": true,
      "requires": {
        "path-is-absolute": "1.0.1"
      }
    },
    "once": {
      "version": "1.4.0",
      "resolved": "https://registry.npmjs.org/once/-/once-1.4.0.tgz",
      "integrity": "sha512-lNaJgI+2Q5URQBkccEKHTQOPaXdUxnZZElQTZY0MFUAuaEqe1E+Nyvgdz/aIyNi6Z9MzO5dv1H8n58/GELp3+w==",
      "dev": true,
      "requires": {
        "wrappy": "1"
      }
    },
    "os-homedir": {
      "version": "1.0.2",
      "resolved": "https://registry.npmjs.org/os-homedir/-/os-homedir-1.0.2.tgz",
      "integrity": "sha512-B5JU3cabzk8c67mRRd3ECmROafjYMXbuzlwtqdM8IbS8ktlTix8aFGb2bAGKrSRIlnfKwovGUUr72JUPyOb6kQ==",
      "dev": true
    },
    "path-is-absolute": {
      "version": "1.0.1",
      "resolved": "https://registry.npmjs.org/path-is-absolute/-/path-is-absolute-1.0.1.tgz",
      "integrity": "sha512-AVbw3UJ2e9bq64vSaS9Am0fje1Pa8pbGqTTsmXfaIiMpnr5DlDhfJOuLj9Sf95ZPVDAUerDfEk88MPmPe7UCQg==",
      "dev": true
    },
    "picocolors": {
      "version": "1.0.0",
      "resolved": "https://registry.npmjs.org/picocolors/-/picocolors-1.0.0.tgz",
      "integrity": "sha512-1fygroTLlHu66zi26VoTDv8yRgm0Fccecssto+MhsZ0D/DGW2sm8E8AjW7NU5VVTRt5GxbeZ5qBuJr+HyLYkjQ==",
      "dev": true
    },
    "pinkie": {
      "version": "2.0.4",
      "resolved": "https://registry.npmjs.org/pinkie/-/pinkie-2.0.4.tgz",
      "integrity": "sha512-MnUuEycAemtSaeFSjXKW/aroV7akBbY+Sv+RkyqFjgAe73F+MR0TBWKBRDkmfWq/HiFmdavfZ1G7h4SPZXaCSg==",
      "dev": true
    },
    "pinkie-promise": {
      "version": "2.0.1",
      "resolved": "https://registry.npmjs.org/pinkie-promise/-/pinkie-promise-2.0.1.tgz",
      "integrity": "sha512-0Gni6D4UcLTbv9c57DfxDGdr41XfgUjqWZu492f0cIGr16zDU06BWP/RAEvOuo7CQ0CNjHaLlM59YJJFm3NWlw==",
      "dev": true,
      "requires": {
        "pinkie": "^2.0.0"
      }
    },
    "postcss": {
      "version": "8.4.17",
      "resolved": "https://registry.npmjs.org/postcss/-/postcss-8.4.17.tgz",
      "integrity": "sha512-UNxNOLQydcOFi41yHNMcKRZ39NeXlr8AxGuZJsdub8vIb12fHzcq37DTU/QtbI6WLxNg2gF9Z+8qtRwTj1UI1Q==",
      "dev": true,
      "requires": {
        "nanoid": "^3.3.4",
        "picocolors": "^1.0.0",
        "source-map-js": "^1.0.2"
      }
    },
    "source-map-js": {
      "version": "1.0.2",
      "resolved": "https://registry.npmjs.org/source-map-js/-/source-map-js-1.0.2.tgz",
      "integrity": "sha512-R0XvVJ9WusLiqTCEiGCmICCMplcCkIwwR11mOSD9CR5u+IXYdiseeEuXCVAjS54zqwkLcPNnmU4OeJ6tUrWhDw==",
      "dev": true
    },
    "uniq": {
      "version": "1.0.1",
      "resolved": "https://registry.npmjs.org/uniq/-/uniq-1.0.1.tgz",
      "integrity": "sha512-Gw+zz50YNKPDKXs+9d+aKAjVwpjNwqzvNpLigIruT4HA9lMZNdMqs9x07kKHB/L9WRzqp4+DlTU5s4wG2esdoA==",
      "dev": true
    },
    "wrappy": {
      "version": "1.0.2",
      "resolved": "https://registry.npmjs.org/wrappy/-/wrappy-1.0.2.tgz",
      "integrity": "sha512-l4Sp/DRseor9wL6EvV2+TuQn63dMkPjZ/sp9XkghTEbV9KlPS1xUsZ3u7/IQO4wxtcFB4bgpQPRcR3QCvezPcQ==",
      "dev": true
    }
  }
}
